
Microsoft Visual Studio Solution File, Format Version 12.00
# Visual Studio Version 16
VisualStudioVersion = 16.0.33423.256
MinimumVisualStudioVersion = 10.0.40219.1
Project("{FAE04EC0-301F-11D3-BF4B-00C04F79EFBC}") = "Refleksje", "Refleksje\Refleksje.csproj", "{648705E2-691B-49E1-BA1C-53CF7E6E72FD}"
EndProject
Global
	GlobalSection(SolutionConfigurationPlatforms) = preSolution
		Debug|Any CPU = Debug|Any CPU
		Release|Any CPU = Release|Any CPU
	EndGlobalSection
	GlobalSection(ProjectConfigurationPlatforms) = postSolution
		{648705E2-691B-49E1-BA1C-53CF7E6E72FD}.Debug|Any CPU.ActiveCfg = Debug|Any CPU
		{648705E2-691B-49E1-BA1C-53CF7E6E72FD}.Debug|Any CPU.Build.0 = Debug|Any CPU
		{648705E2-691B-49E1-BA1C-53CF7E6E72FD}.Release|Any CPU.ActiveCfg = Release|Any CPU
		{648705E2-691B-49E1-BA1C-53CF7E6E72FD}.Release|Any CPU.Build.0 = Release|Any CPU
	EndGlobalSection
	GlobalSection(SolutionProperties) = preSolution
		HideSolutionNode = FALSE
	EndGlobalSection
	GlobalSection(ExtensibilityGlobals) = postSolution
		SolutionGuid = {69A9F3E5-82AD-4083-AE70-143EE9FB28C6}
	EndGlobalSection
EndGlobal
